// !$*UTF8*$!
{
	archiveVersion = 1;
	classes = {
	};
	objectVersion = 50;
	objects = {

/* Begin PBXBuildFile section */
		3B01AB0229065D7100B1D127 /* PlayerView.swift in Sources */ = {isa = PBXBuildFile; fileRef = 3B01AB0129065D7100B1D127 /* PlayerView.swift */; };
		3B86451328F69B7C003B41C0 /* OverwatchInformationStationApp.swift in Sources */ = {isa = PBXBuildFile; fileRef = 3B86451228F69B7C003B41C0 /* OverwatchInformationStationApp.swift */; };
		3B86451528F69B7C003B41C0 /* ContentView.swift in Sources */ = {isa = PBXBuildFile; fileRef = 3B86451428F69B7C003B41C0 /* ContentView.swift */; };
		3B86451728F69B7E003B41C0 /* Assets.xcassets in Resources */ = {isa = PBXBuildFile; fileRef = 3B86451628F69B7E003B41C0 /* Assets.xcassets */; };
		3B86451A28F69B7E003B41C0 /* Preview Assets.xcassets in Resources */ = {isa = PBXBuildFile; fileRef = 3B86451928F69B7E003B41C0 /* Preview Assets.xcassets */; };
		3B86452528F6A515003B41C0 /* Home.swift in Sources */ = {isa = PBXBuildFile; fileRef = 3B86452428F6A515003B41C0 /* Home.swift */; };
		3B86452928F6A536003B41C0 /* Heros.swift in Sources */ = {isa = PBXBuildFile; fileRef = 3B86452828F6A536003B41C0 /* Heros.swift */; };
		3B86452C28F6A58B003B41C0 /* Media.swift in Sources */ = {isa = PBXBuildFile; fileRef = 3B86452B28F6A58B003B41C0 /* Media.swift */; };
		3B86453028F6A648003B41C0 /* More.swift in Sources */ = {isa = PBXBuildFile; fileRef = 3B86452F28F6A648003B41C0 /* More.swift */; };
/* End PBXBuildFile section */

/* Begin PBXFileReference section */
		3B01AB0129065D7100B1D127 /* PlayerView.swift */ = {isa = PBXFileReference; lastKnownFileType = sourcecode.swift; path = PlayerView.swift; sourceTree = "<group>"; };
		3B86450F28F69B7C003B41C0 /* OverwatchInformationStation.app */ = {isa = PBXFileReference; explicitFileType = wrapper.application; includeInIndex = 0; path = OverwatchInformationStation.app; sourceTree = BUILT_PRODUCTS_DIR; };
		3B86451228F69B7C003B41C0 /* OverwatchInformationStationApp.swift */ = {isa = PBXFileReference; lastKnownFileType = sourcecode.swift; path = OverwatchInformationStationApp.swift; sourceTree = "<group>"; };
		3B86451428F69B7C003B41C0 /* ContentView.swift */ = {isa = PBXFileReference; lastKnownFileType = sourcecode.swift; path = ContentView.swift; sourceTree = "<group>"; };
		3B86451628F69B7E003B41C0 /* Assets.xcassets */ = {isa = PBXFileReference; lastKnownFileType = folder.assetcatalog; path = Assets.xcassets; sourceTree = "<group>"; };
		3B86451928F69B7E003B41C0 /* Preview Assets.xcassets */ = {isa = PBXFileReference; lastKnownFileType = folder.assetcatalog; path = "Preview Assets.xcassets"; sourceTree = "<group>"; };
		3B86451B28F69B7E003B41C0 /* Info.plist */ = {isa = PBXFileReference; lastKnownFileType = text.plist.xml; path = Info.plist; sourceTree = "<group>"; };
		3B86452428F6A515003B41C0 /* Home.swift */ = {isa = PBXFileReference; lastKnownFileType = sourcecode.swift; path = Home.swift; sourceTree = "<group>"; };
		3B86452828F6A536003B41C0 /* Heros.swift */ = {isa = PBXFileReference; lastKnownFileType = sourcecode.swift; path = Heros.swift; sourceTree = "<group>"; };
		3B86452B28F6A58B003B41C0 /* Media.swift */ = {isa = PBXFileReference; lastKnownFileType = sourcecode.swift; path = Media.swift; sourceTree = "<group>"; };
		3B86452F28F6A648003B41C0 /* More.swift */ = {isa = PBXFileReference; lastKnownFileType = sourcecode.swift; path = More.swift; sourceTree = "<group>"; };
/* End PBXFileReference section */

/* Begin PBXFrameworksBuildPhase section */
		3B86450C28F69B7C003B41C0 /* Frameworks */ = {
			isa = PBXFrameworksBuildPhase;
			buildActionMask = 2147483647;
			files = (
			);
			runOnlyForDeploymentPostprocessing = 0;
		};
/* End PBXFrameworksBuildPhase section */

/* Begin PBXGroup section */
		3B86450628F69B7B003B41C0 = {
			isa = PBXGroup;
			children = (
				3B86451128F69B7C003B41C0 /* OverwatchInformationStation */,
				3B86451028F69B7C003B41C0 /* Products */,
			);
			sourceTree = "<group>";
		};
		3B86451028F69B7C003B41C0 /* Products */ = {
			isa = PBXGroup;
			children = (
				3B86450F28F69B7C003B41C0 /* OverwatchInformationStation.app */,
			);
			name = Products;
			sourceTree = "<group>";
		};
		3B86451128F69B7C003B41C0 /* OverwatchInformationStation */ = {
			isa = PBXGroup;
			children = (
				3B86452328F6A4E6003B41C0 /* components */,
				3B86452228F6A4DD003B41C0 /* pages */,
				3B86451228F69B7C003B41C0 /* OverwatchInformationStationApp.swift */,
				3B86451428F69B7C003B41C0 /* ContentView.swift */,
				3B86451628F69B7E003B41C0 /* Assets.xcassets */,
				3B86451B28F69B7E003B41C0 /* Info.plist */,
				3B86451828F69B7E003B41C0 /* Preview Content */,
			);
			path = OverwatchInformationStation;
			sourceTree = "<group>";
		};
		3B86451828F69B7E003B41C0 /* Preview Content */ = {
			isa = PBXGroup;
			children = (
				3B86451928F69B7E003B41C0 /* Preview Assets.xcassets */,
			);
			path = "Preview Content";
			sourceTree = "<group>";
		};
		3B86452228F6A4DD003B41C0 /* pages */ = {
			isa = PBXGroup;
			children = (
				3B86452428F6A515003B41C0 /* Home.swift */,
				3B86452828F6A536003B41C0 /* Heros.swift */,
				3B86452B28F6A58B003B41C0 /* Media.swift */,
				3B86452F28F6A648003B41C0 /* More.swift */,
			);
			path = pages;
			sourceTree = "<group>";
		};
		3B86452328F6A4E6003B41C0 /* components */ = {
			isa = PBXGroup;
			children = (
				3B01AB0129065D7100B1D127 /* PlayerView.swift */,
			);
			path = components;
			sourceTree = "<group>";
		};
/* End PBXGroup section */

/* Begin PBXNativeTarget section */
		3B86450E28F69B7C003B41C0 /* OverwatchInformationStation */ = {
			isa = PBXNativeTarget;
			buildConfigurationList = 3B86451E28F69B7E003B41C0 /* Build configuration list for PBXNativeTarget "OverwatchInformationStation" */;
			buildPhases = (
				3B86450B28F69B7C003B41C0 /* Sources */,
				3B86450C28F69B7C003B41C0 /* Frameworks */,
				3B86450D28F69B7C003B41C0 /* Resources */,
			);
			buildRules = (
			);
			dependencies = (
			);
			name = OverwatchInformationStation;
			productName = OverwatchInformationStation;
			productReference = 3B86450F28F69B7C003B41C0 /* OverwatchInformationStation.app */;
			productType = "com.apple.product-type.application";
		};
/* End PBXNativeTarget section */

/* Begin PBXProject section */
		3B86450728F69B7B003B41C0 /* Project object */ = {
			isa = PBXProject;
			attributes = {
				LastSwiftUpdateCheck = 1220;
				LastUpgradeCheck = 1220;
				TargetAttributes = {
					3B86450E28F69B7C003B41C0 = {
						CreatedOnToolsVersion = 12.2;
					};
				};
			};
			buildConfigurationList = 3B86450A28F69B7B003B41C0 /* Build configuration list for PBXProject "OverwatchInformationStation" */;
			compatibilityVersion = "Xcode 9.3";
			developmentRegion = en;
			hasScannedForEncodings = 0;
			knownRegions = (
				en,
				Base,
			);
			mainGroup = 3B86450628F69B7B003B41C0;
			productRefGroup = 3B86451028F69B7C003B41C0 /* Products */;
			projectDirPath = "";
			projectRoot = "";
			targets = (
				3B86450E28F69B7C003B41C0 /* OverwatchInformationStation */,
			);
		};
/* End PBXProject section */

/* Begin PBXResourcesBuildPhase section */
		3B86450D28F69B7C003B41C0 /* Resources */ = {
			isa = PBXResourcesBuildPhase;
			buildActionMask = 2147483647;
			files = (
				3B86451A28F69B7E003B41C0 /* Preview Assets.xcassets in Resources */,
				3B86451728F69B7E003B41C0 /* Assets.xcassets in Resources */,
			);
			runOnlyForDeploymentPostprocessing = 0;
		};
/* End PBXResourcesBuildPhase section */

/* Begin PBXSourcesBuildPhase section */
		3B86450B28F69B7C003B41C0 /* Sources */ = {
			isa = PBXSourcesBuildPhase;
			buildActionMask = 2147483647;
			files = (
				3B86451528F69B7C003B41C0 /* ContentView.swift in Sources */,
				3B86452528F6A515003B41C0 /* Home.swift in Sources */,
				3B01AB0229065D7100B1D127 /* PlayerView.swift in Sources */,
				3B86451328F69B7C003B41C0 /* OverwatchInformationStationApp.swift in Sources */,
				3B86452928F6A536003B41C0 /* Heros.swift in Sources */,
				3B86453028F6A648003B41C0 /* More.swift in Sources */,
				3B86452C28F6A58B003B41C0 /* Media.swift in Sources */,
			);
			runOnlyForDeploymentPostprocessing = 0;
		};
/* End PBXSourcesBuildPhase section */

/* Begin XCBuildConfiguration section */
		3B86451C28F69B7E003B41C0 /* Debug */ = {
			isa = XCBuildConfiguration;
			buildSettings = {
				ALWAYS_SEARCH_USER_PATHS = NO;
				CLANG_ANALYZER_NONNULL = YES;
				CLANG_ANALYZER_NUMBER_OBJECT_CONVERSION = YES_AGGRESSIVE;
				CLANG_CXX_LANGUAGE_STANDARD = "gnu++14";
				CLANG_CXX_LIBRARY = "libc++";
				CLANG_ENABLE_MODULES = YES;
				CLANG_ENABLE_OBJC_ARC = YES;
				CLANG_ENABLE_OBJC_WEAK = YES;
				CLANG_WARN_BLOCK_CAPTURE_AUTORELEASING = YES;
				CLANG_WARN_BOOL_CONVERSION = YES;
				CLANG_WARN_COMMA = YES;
				CLANG_WARN_CONSTANT_CONVERSION = YES;
				CLANG_WARN_DEPRECATED_OBJC_IMPLEMENTATIONS = YES;
				CLANG_WARN_DIRECT_OBJC_ISA_USAGE = YES_ERROR;
				CLANG_WARN_DOCUMENTATION_COMMENTS = YES;
				CLANG_WARN_EMPTY_BODY = YES;
				CLANG_WARN_ENUM_CONVERSION = YES;
				CLANG_WARN_INFINITE_RECURSION = YES;
				CLANG_WARN_INT_CONVERSION = YES;
				CLANG_WARN_NON_LITERAL_NULL_CONVERSION = YES;
				CLANG_WARN_OBJC_IMPLICIT_RETAIN_SELF = YES;
				CLANG_WARN_OBJC_LITERAL_CONVERSION = YES;
				CLANG_WARN_OBJC_ROOT_CLASS = YES_ERROR;
				CLANG_WARN_QUOTED_INCLUDE_IN_FRAMEWORK_HEADER = YES;
				CLANG_WARN_RANGE_LOOP_ANALYSIS = YES;
				CLANG_WARN_STRICT_PROTOTYPES = YES;
				CLANG_WARN_SUSPICIOUS_MOVE = YES;
				CLANG_WARN_UNGUARDED_AVAILABILITY = YES_AGGRESSIVE;
				CLANG_WARN_UNREACHABLE_CODE = YES;
				CLANG_WARN__DUPLICATE_METHOD_MATCH = YES;
				COPY_PHASE_STRIP = NO;
				DEBUG_INFORMATION_FORMAT = dwarf;
				ENABLE_STRICT_OBJC_MSGSEND = YES;
				ENABLE_TESTABILITY = YES;
				GCC_C_LANGUAGE_STANDARD = gnu11;
				GCC_DYNAMIC_NO_PIC = NO;
				GCC_NO_COMMON_BLOCKS = YES;
				GCC_OPTIMIZATION_LEVEL = 0;
				GCC_PREPROCESSOR_DEFINITIONS = (
					"DEBUG=1",
					"$(inherited)",
				);
				GCC_WARN_64_TO_32_BIT_CONVERSION = YES;
				GCC_WARN_ABOUT_RETURN_TYPE = YES_ERROR;
				GCC_WARN_UNDECLARED_SELECTOR = YES;
				GCC_WARN_UNINITIALIZED_AUTOS = YES_AGGRESSIVE;
				GCC_WARN_UNUSED_FUNCTION = YES;
				GCC_WARN_UNUSED_VARIABLE = YES;
				IPHONEOS_DEPLOYMENT_TARGET = 14.2;
				MTL_ENABLE_DEBUG_INFO = INCLUDE_SOURCE;
				MTL_FAST_MATH = YES;
				ONLY_ACTIVE_ARCH = YES;
				SDKROOT = iphoneos;
				SWIFT_ACTIVE_COMPILATION_CONDITIONS = DEBUG;
				SWIFT_OPTIMIZATION_LEVEL = "-Onone";
			};
			name = Debug;
		};
		3B86451D28F69B7E003B41C0 /* Release */ = {
			isa = XCBuildConfiguration;
			buildSettings = {
				ALWAYS_SEARCH_USER_PATHS = NO;
				CLANG_ANALYZER_NONNULL = YES;
				CLANG_ANALYZER_NUMBER_OBJECT_CONVERSION = YES_AGGRESSIVE;
				CLANG_CXX_LANGUAGE_STANDARD = "gnu++14";
				CLANG_CXX_LIBRARY = "libc++";
				CLANG_ENABLE_MODULES = YES;
				CLANG_ENABLE_OBJC_ARC = YES;
				CLANG_ENABLE_OBJC_WEAK = YES;
				CLANG_WARN_BLOCK_CAPTURE_AUTORELEASING = YES;
				CLANG_WARN_BOOL_CONVERSION = YES;
				CLANG_WARN_COMMA = YES;
				CLANG_WARN_CONSTANT_CONVERSION = YES;
				CLANG_WARN_DEPRECATED_OBJC_IMPLEMENTATIONS = YES;
				CLANG_WARN_DIRECT_OBJC_ISA_USAGE = YES_ERROR;
				CLANG_WARN_DOCUMENTATION_COMMENTS = YES;
				CLANG_WARN_EMPTY_BODY = YES;
				CLANG_WARN_ENUM_CONVERSION = YES;
				CLANG_WARN_INFINITE_RECURSION = YES;
				CLANG_WARN_INT_CONVERSION = YES;
				CLANG_WARN_NON_LITERAL_NULL_CONVERSION = YES;
				CLANG_WARN_OBJC_IMPLICIT_RETAIN_SELF = YES;
				CLANG_WARN_OBJC_LITERAL_CONVERSION = YES;
				CLANG_WARN_OBJC_ROOT_CLASS = YES_ERROR;
				CLANG_WARN_QUOTED_INCLUDE_IN_FRAMEWORK_HEADER = YES;
				CLANG_WARN_RANGE_LOOP_ANALYSIS = YES;
				CLANG_WARN_STRICT_PROTOTYPES = YES;
				CLANG_WARN_SUSPICIOUS_MOVE = YES;
				CLANG_WARN_UNGUARDED_AVAILABILITY = YES_AGGRESSIVE;
				CLANG_WARN_UNREACHABLE_CODE = YES;
				CLANG_WARN__DUPLICATE_METHOD_MATCH = YES;
				COPY_PHASE_STRIP = NO;
				DEBUG_INFORMATION_FORMAT = "dwarf-with-dsym";
				ENABLE_NS_ASSERTIONS = NO;
				ENABLE_STRICT_OBJC_MSGSEND = YES;
				GCC_C_LANGUAGE_STANDARD = gnu11;
				GCC_NO_COMMON_BLOCKS = YES;
				GCC_WARN_64_TO_32_BIT_CONVERSION = YES;
				GCC_WARN_ABOUT_RETURN_TYPE = YES_ERROR;
				GCC_WARN_UNDECLARED_SELECTOR = YES;
				GCC_WARN_UNINITIALIZED_AUTOS = YES_AGGRESSIVE;
				GCC_WARN_UNUSED_FUNCTION = YES;
				GCC_WARN_UNUSED_VARIABLE = YES;
				IPHONEOS_DEPLOYMENT_TARGET = 14.2;
				MTL_ENABLE_DEBUG_INFO = NO;
				MTL_FAST_MATH = YES;
				SDKROOT = iphoneos;
				SWIFT_COMPILATION_MODE = wholemodule;
				SWIFT_OPTIMIZATION_LEVEL = "-O";
				VALIDATE_PRODUCT = YES;
			};
			name = Release;
		};
		3B86451F28F69B7E003B41C0 /* Debug */ = {
			isa = XCBuildConfiguration;
			buildSettings = {
				ASSETCATALOG_COMPILER_APPICON_NAME = AppIcon;
				ASSETCATALOG_COMPILER_GLOBAL_ACCENT_COLOR_NAME = AccentColor;
				CODE_SIGN_STYLE = Automatic;
				DEVELOPMENT_ASSET_PATHS = "\"OverwatchInformationStation/Preview Content\"";
				ENABLE_PREVIEWS = YES;
				INFOPLIST_FILE = OverwatchInformationStation/Info.plist;
				IPHONEOS_DEPLOYMENT_TARGET = 14.0;
				LD_RUNPATH_SEARCH_PATHS = (
					"$(inherited)",
					"@executable_path/Frameworks",
				);
				PRODUCT_BUNDLE_IDENTIFIER = gnyar.OverwatchInformationStation;
				PRODUCT_NAME = "$(TARGET_NAME)";
				SWIFT_VERSION = 5.0;
				TARGETED_DEVICE_FAMILY = "1,2";
			};
			name = Debug;
		};
		3B86452028F69B7E003B41C0 /* Release */ = {
			isa = XCBuildConfiguration;
			buildSettings = {
				ASSETCATALOG_COMPILER_APPICON_NAME = AppIcon;
				ASSETCATALOG_COMPILER_GLOBAL_ACCENT_COLOR_NAME = AccentColor;
				CODE_SIGN_STYLE = Automatic;
				DEVELOPMENT_ASSET_PATHS = "\"OverwatchInformationStation/Preview Content\"";
				ENABLE_PREVIEWS = YES;
				INFOPLIST_FILE = OverwatchInformationStation/Info.plist;
				IPHONEOS_DEPLOYMENT_TARGET = 14.0;
				LD_RUNPATH_SEARCH_PATHS = (
					"$(inherited)",
					"@executable_path/Frameworks",
				);
				PRODUCT_BUNDLE_IDENTIFIER = gnyar.OverwatchInformationStation;
				PRODUCT_NAME = "$(TARGET_NAME)";
				SWIFT_VERSION = 5.0;
				TARGETED_DEVICE_FAMILY = "1,2";
			};
			name = Release;
		};
/* End XCBuildConfiguration section */

/* Begin XCConfigurationList section */
		3B86450A28F69B7B003B41C0 /* Build configuration list for PBXProject "OverwatchInformationStation" */ = {
			isa = XCConfigurationList;
			buildConfigurations = (
				3B86451C28F69B7E003B41C0 /* Debug */,
				3B86451D28F69B7E003B41C0 /* Release */,
			);
			defaultConfigurationIsVisible = 0;
			defaultConfigurationName = Release;
		};
		3B86451E28F69B7E003B41C0 /* Build configuration list for PBXNativeTarget "OverwatchInformationStation" */ = {
			isa = XCConfigurationList;
			buildConfigurations = (
				3B86451F28F69B7E003B41C0 /* Debug */,
				3B86452028F69B7E003B41C0 /* Release */,
			);
			defaultConfigurationIsVisible = 0;
			defaultConfigurationName = Release;
		};
/* End XCConfigurationList section */
	};
	rootObject = 3B86450728F69B7B003B41C0 /* Project object */;
}
